
Microsoft Visual Studio Solution File, Format Version 12.00
# Visual Studio 15
VisualStudioVersion = 15.0.27428.2027
MinimumVisualStudioVersion = 10.0.40219.1
Project("{2150E333-8FDC-42A3-9474-1A3956D46DE8}") = "ACE.Network.Tools", "ACE.Network.Tools", "{5AA235FF-61AF-4F4D-945B-A6850F3A9A0A}"
EndProject
Project("{2150E333-8FDC-42A3-9474-1A3956D46DE8}") = "ACE.Network", "ACE.Network", "{B262852E-CC78-4519-9C13-B60A2BC1970D}"
EndProject
Project("{9A19103F-16F7-4668-BE54-9A1E7A4F7556}") = "NetworkStack", "NetworkStack\NetworkStack.csproj", "{1F25E0AD-7F18-47F4-981A-3E23A0203ED7}"
EndProject
Project("{FAE04EC0-301F-11D3-BF4B-00C04F79EFBC}") = "NetworkViewer", "NetworkViewer\NetworkViewer.csproj", "{FFED867A-9EE4-4F04-861F-F41030D02C99}"
EndProject
Project("{9A19103F-16F7-4668-BE54-9A1E7A4F7556}") = "TemplateBuilder", "TemplateBuilder\TemplateBuilder.csproj", "{2129F3C1-EF4A-4434-B671-3F97F704F3A1}"
EndProject
Global
	GlobalSection(SolutionConfigurationPlatforms) = preSolution
		Debug|Any CPU = Debug|Any CPU
		Release|Any CPU = Release|Any CPU
	EndGlobalSection
	GlobalSection(ProjectConfigurationPlatforms) = postSolution
		{1F25E0AD-7F18-47F4-981A-3E23A0203ED7}.Debug|Any CPU.ActiveCfg = Debug|Any CPU
		{1F25E0AD-7F18-47F4-981A-3E23A0203ED7}.Debug|Any CPU.Build.0 = Debug|Any CPU
		{1F25E0AD-7F18-47F4-981A-3E23A0203ED7}.Release|Any CPU.ActiveCfg = Release|Any CPU
		{1F25E0AD-7F18-47F4-981A-3E23A0203ED7}.Release|Any CPU.Build.0 = Release|Any CPU
		{FFED867A-9EE4-4F04-861F-F41030D02C99}.Debug|Any CPU.ActiveCfg = Debug|Any CPU
		{FFED867A-9EE4-4F04-861F-F41030D02C99}.Debug|Any CPU.Build.0 = Debug|Any CPU
		{FFED867A-9EE4-4F04-861F-F41030D02C99}.Release|Any CPU.ActiveCfg = Release|Any CPU
		{FFED867A-9EE4-4F04-861F-F41030D02C99}.Release|Any CPU.Build.0 = Release|Any CPU
		{2129F3C1-EF4A-4434-B671-3F97F704F3A1}.Debug|Any CPU.ActiveCfg = Debug|Any CPU
		{2129F3C1-EF4A-4434-B671-3F97F704F3A1}.Debug|Any CPU.Build.0 = Debug|Any CPU
		{2129F3C1-EF4A-4434-B671-3F97F704F3A1}.Release|Any CPU.ActiveCfg = Release|Any CPU
		{2129F3C1-EF4A-4434-B671-3F97F704F3A1}.Release|Any CPU.Build.0 = Release|Any CPU
	EndGlobalSection
	GlobalSection(SolutionProperties) = preSolution
		HideSolutionNode = FALSE
	EndGlobalSection
	GlobalSection(NestedProjects) = preSolution
		{1F25E0AD-7F18-47F4-981A-3E23A0203ED7} = {B262852E-CC78-4519-9C13-B60A2BC1970D}
		{FFED867A-9EE4-4F04-861F-F41030D02C99} = {5AA235FF-61AF-4F4D-945B-A6850F3A9A0A}
		{2129F3C1-EF4A-4434-B671-3F97F704F3A1} = {5AA235FF-61AF-4F4D-945B-A6850F3A9A0A}
	EndGlobalSection
	GlobalSection(ExtensibilityGlobals) = postSolution
		SolutionGuid = {9181C80F-3D3B-47B6-A903-73F7F934AF5E}
	EndGlobalSection
EndGlobal
