
Microsoft Visual Studio Solution File, Format Version 12.00
# Visual Studio 15
VisualStudioVersion = 15.0.27428.2027
MinimumVisualStudioVersion = 10.0.40219.1
Project("{FAE04EC0-301F-11D3-BF4B-00C04F79EFBC}") = "ClassLibrary1", "ClassLibrary1\ClassLibrary1.csproj", "{520EF8A0-F9F8-4220-B476-E0B68441CD94}"
EndProject
Global
	GlobalSection(SolutionConfigurationPlatforms) = preSolution
		Debug|Any CPU = Debug|Any CPU
		Release|Any CPU = Release|Any CPU
	EndGlobalSection
	GlobalSection(ProjectConfigurationPlatforms) = postSolution
		{520EF8A0-F9F8-4220-B476-E0B68441CD94}.Debug|Any CPU.ActiveCfg = Debug|Any CPU
		{520EF8A0-F9F8-4220-B476-E0B68441CD94}.Debug|Any CPU.Build.0 = Debug|Any CPU
		{520EF8A0-F9F8-4220-B476-E0B68441CD94}.Release|Any CPU.ActiveCfg = Release|Any CPU
		{520EF8A0-F9F8-4220-B476-E0B68441CD94}.Release|Any CPU.Build.0 = Release|Any CPU
	EndGlobalSection
	GlobalSection(SolutionProperties) = preSolution
		HideSolutionNode = FALSE
	EndGlobalSection
	GlobalSection(ExtensibilityGlobals) = postSolution
		SolutionGuid = {015AA54A-44BB-414B-891E-9CC56F6DED67}
	EndGlobalSection
EndGlobal
